
Microsoft Visual Studio Solution File, Format Version 12.00
# Visual Studio Version 17
VisualStudioVersion = 17.9.34728.123
MinimumVisualStudioVersion = 10.0.40219.1
Project("{FAE04EC0-301F-11D3-BF4B-00C04F79EFBC}") = "WFWordleLibrary", "WFWordleLibrary\WFWordleLibrary.csproj", "{E16000DA-CD29-418A-A865-ED54AF4437D1}"
EndProject
Global
	GlobalSection(SolutionConfigurationPlatforms) = preSolution
		Debug|Any CPU = Debug|Any CPU
		Release|Any CPU = Release|Any CPU
	EndGlobalSection
	GlobalSection(ProjectConfigurationPlatforms) = postSolution
		{E16000DA-CD29-418A-A865-ED54AF4437D1}.Debug|Any CPU.ActiveCfg = Debug|Any CPU
		{E16000DA-CD29-418A-A865-ED54AF4437D1}.Debug|Any CPU.Build.0 = Debug|Any CPU
		{E16000DA-CD29-418A-A865-ED54AF4437D1}.Release|Any CPU.ActiveCfg = Release|Any CPU
		{E16000DA-CD29-418A-A865-ED54AF4437D1}.Release|Any CPU.Build.0 = Release|Any CPU
	EndGlobalSection
	GlobalSection(SolutionProperties) = preSolution
		HideSolutionNode = FALSE
	EndGlobalSection
	GlobalSection(ExtensibilityGlobals) = postSolution
		SolutionGuid = {46E2C968-F972-4144-8422-8DA9817E4B6F}
	EndGlobalSection
EndGlobal
